
Microsoft Visual Studio Solution File, Format Version 12.00
# Visual Studio 15
Project("{FAE04EC0-301F-11D3-BF4B-00C04F79EFBC}") = "CountDown", "CounterTextView\CountDown.csproj", "{6A580E1B-8BA1-4471-8B82-99B865117AF7}"
EndProject
Global
	GlobalSection(SolutionConfigurationPlatforms) = preSolution
		Debug|Any CPU = Debug|Any CPU
		Release|Any CPU = Release|Any CPU
	EndGlobalSection
	GlobalSection(ProjectConfigurationPlatforms) = postSolution
		{6A580E1B-8BA1-4471-8B82-99B865117AF7}.Debug|Any CPU.ActiveCfg = Debug|Any CPU
		{6A580E1B-8BA1-4471-8B82-99B865117AF7}.Debug|Any CPU.Build.0 = Debug|Any CPU
		{6A580E1B-8BA1-4471-8B82-99B865117AF7}.Release|Any CPU.ActiveCfg = Release|Any CPU
		{6A580E1B-8BA1-4471-8B82-99B865117AF7}.Release|Any CPU.Build.0 = Release|Any CPU
	EndGlobalSection
EndGlobal
